
Microsoft Visual Studio Solution File, Format Version 12.00
# Visual Studio 15
VisualStudioVersion = 15.0.26730.10
MinimumVisualStudioVersion = 10.0.40219.1
Project("{9A19103F-16F7-4668-BE54-9A1E7A4F7556}") = "Host", "Host\Host.csproj", "{5A10F400-D2C5-4DDF-B0B5-2E12B135B03E}"
	ProjectSection(ProjectDependencies) = postProject
		{3D0BF02B-A2E1-42C5-AC9F-C1508B0F616F} = {3D0BF02B-A2E1-42C5-AC9F-C1508B0F616F}
	EndProjectSection
EndProject
Project("{9A19103F-16F7-4668-BE54-9A1E7A4F7556}") = "Guest", "Guest\Guest.csproj", "{6BE832B6-91C1-4CAA-A4B7-B384716A8C20}"
	ProjectSection(ProjectDependencies) = postProject
		{3D0BF02B-A2E1-42C5-AC9F-C1508B0F616F} = {3D0BF02B-A2E1-42C5-AC9F-C1508B0F616F}
	EndProjectSection
EndProject
Project("{9A19103F-16F7-4668-BE54-9A1E7A4F7556}") = "kaisenLib", "kaisenLib\kaisenLib.csproj", "{3D0BF02B-A2E1-42C5-AC9F-C1508B0F616F}"
EndProject
Project("{9A19103F-16F7-4668-BE54-9A1E7A4F7556}") = "GameCore", "GameCore\GameCore.csproj", "{9211D187-A94C-4E21-B49F-F358B2D6A1B8}"
	ProjectSection(ProjectDependencies) = postProject
		{06835D30-A3CB-4643-9E94-1C8E24E5C19A} = {06835D30-A3CB-4643-9E94-1C8E24E5C19A}
	EndProjectSection
EndProject
Project("{9A19103F-16F7-4668-BE54-9A1E7A4F7556}") = "AutoHost01", "AutoHost01\AutoHost01.csproj", "{3ABD224B-F6C2-4676-A002-66E5F719ED01}"
	ProjectSection(ProjectDependencies) = postProject
		{3D0BF02B-A2E1-42C5-AC9F-C1508B0F616F} = {3D0BF02B-A2E1-42C5-AC9F-C1508B0F616F}
		{9211D187-A94C-4E21-B49F-F358B2D6A1B8} = {9211D187-A94C-4E21-B49F-F358B2D6A1B8}
	EndProjectSection
EndProject
Project("{FAE04EC0-301F-11D3-BF4B-00C04F79EFBC}") = "ReturnAction", "ReturnAction\ReturnAction.csproj", "{06835D30-A3CB-4643-9E94-1C8E24E5C19A}"
EndProject
Global
	GlobalSection(SolutionConfigurationPlatforms) = preSolution
		Debug|Any CPU = Debug|Any CPU
		Debug|x64 = Debug|x64
		Release|Any CPU = Release|Any CPU
		Release|x64 = Release|x64
	EndGlobalSection
	GlobalSection(ProjectConfigurationPlatforms) = postSolution
		{5A10F400-D2C5-4DDF-B0B5-2E12B135B03E}.Debug|Any CPU.ActiveCfg = Debug|Any CPU
		{5A10F400-D2C5-4DDF-B0B5-2E12B135B03E}.Debug|Any CPU.Build.0 = Debug|Any CPU
		{5A10F400-D2C5-4DDF-B0B5-2E12B135B03E}.Debug|x64.ActiveCfg = Debug|Any CPU
		{5A10F400-D2C5-4DDF-B0B5-2E12B135B03E}.Debug|x64.Build.0 = Debug|Any CPU
		{5A10F400-D2C5-4DDF-B0B5-2E12B135B03E}.Release|Any CPU.ActiveCfg = Release|Any CPU
		{5A10F400-D2C5-4DDF-B0B5-2E12B135B03E}.Release|Any CPU.Build.0 = Release|Any CPU
		{5A10F400-D2C5-4DDF-B0B5-2E12B135B03E}.Release|x64.ActiveCfg = Release|Any CPU
		{5A10F400-D2C5-4DDF-B0B5-2E12B135B03E}.Release|x64.Build.0 = Release|Any CPU
		{6BE832B6-91C1-4CAA-A4B7-B384716A8C20}.Debug|Any CPU.ActiveCfg = Debug|Any CPU
		{6BE832B6-91C1-4CAA-A4B7-B384716A8C20}.Debug|Any CPU.Build.0 = Debug|Any CPU
		{6BE832B6-91C1-4CAA-A4B7-B384716A8C20}.Debug|x64.ActiveCfg = Debug|Any CPU
		{6BE832B6-91C1-4CAA-A4B7-B384716A8C20}.Debug|x64.Build.0 = Debug|Any CPU
		{6BE832B6-91C1-4CAA-A4B7-B384716A8C20}.Release|Any CPU.ActiveCfg = Release|Any CPU
		{6BE832B6-91C1-4CAA-A4B7-B384716A8C20}.Release|Any CPU.Build.0 = Release|Any CPU
		{6BE832B6-91C1-4CAA-A4B7-B384716A8C20}.Release|x64.ActiveCfg = Release|Any CPU
		{6BE832B6-91C1-4CAA-A4B7-B384716A8C20}.Release|x64.Build.0 = Release|Any CPU
		{3D0BF02B-A2E1-42C5-AC9F-C1508B0F616F}.Debug|Any CPU.ActiveCfg = Debug|Any CPU
		{3D0BF02B-A2E1-42C5-AC9F-C1508B0F616F}.Debug|Any CPU.Build.0 = Debug|Any CPU
		{3D0BF02B-A2E1-42C5-AC9F-C1508B0F616F}.Debug|x64.ActiveCfg = Debug|Any CPU
		{3D0BF02B-A2E1-42C5-AC9F-C1508B0F616F}.Debug|x64.Build.0 = Debug|Any CPU
		{3D0BF02B-A2E1-42C5-AC9F-C1508B0F616F}.Release|Any CPU.ActiveCfg = Release|Any CPU
		{3D0BF02B-A2E1-42C5-AC9F-C1508B0F616F}.Release|Any CPU.Build.0 = Release|Any CPU
		{3D0BF02B-A2E1-42C5-AC9F-C1508B0F616F}.Release|x64.ActiveCfg = Release|Any CPU
		{3D0BF02B-A2E1-42C5-AC9F-C1508B0F616F}.Release|x64.Build.0 = Release|Any CPU
		{9211D187-A94C-4E21-B49F-F358B2D6A1B8}.Debug|Any CPU.ActiveCfg = Debug|Any CPU
		{9211D187-A94C-4E21-B49F-F358B2D6A1B8}.Debug|Any CPU.Build.0 = Debug|Any CPU
		{9211D187-A94C-4E21-B49F-F358B2D6A1B8}.Debug|x64.ActiveCfg = Debug|Any CPU
		{9211D187-A94C-4E21-B49F-F358B2D6A1B8}.Debug|x64.Build.0 = Debug|Any CPU
		{9211D187-A94C-4E21-B49F-F358B2D6A1B8}.Release|Any CPU.ActiveCfg = Release|Any CPU
		{9211D187-A94C-4E21-B49F-F358B2D6A1B8}.Release|Any CPU.Build.0 = Release|Any CPU
		{9211D187-A94C-4E21-B49F-F358B2D6A1B8}.Release|x64.ActiveCfg = Release|Any CPU
		{9211D187-A94C-4E21-B49F-F358B2D6A1B8}.Release|x64.Build.0 = Release|Any CPU
		{3ABD224B-F6C2-4676-A002-66E5F719ED01}.Debug|Any CPU.ActiveCfg = Debug|Any CPU
		{3ABD224B-F6C2-4676-A002-66E5F719ED01}.Debug|Any CPU.Build.0 = Debug|Any CPU
		{3ABD224B-F6C2-4676-A002-66E5F719ED01}.Debug|x64.ActiveCfg = Debug|Any CPU
		{3ABD224B-F6C2-4676-A002-66E5F719ED01}.Debug|x64.Build.0 = Debug|Any CPU
		{3ABD224B-F6C2-4676-A002-66E5F719ED01}.Release|Any CPU.ActiveCfg = Release|Any CPU
		{3ABD224B-F6C2-4676-A002-66E5F719ED01}.Release|Any CPU.Build.0 = Release|Any CPU
		{3ABD224B-F6C2-4676-A002-66E5F719ED01}.Release|x64.ActiveCfg = Release|Any CPU
		{3ABD224B-F6C2-4676-A002-66E5F719ED01}.Release|x64.Build.0 = Release|Any CPU
		{06835D30-A3CB-4643-9E94-1C8E24E5C19A}.Debug|Any CPU.ActiveCfg = Debug|Any CPU
		{06835D30-A3CB-4643-9E94-1C8E24E5C19A}.Debug|Any CPU.Build.0 = Debug|Any CPU
		{06835D30-A3CB-4643-9E94-1C8E24E5C19A}.Debug|x64.ActiveCfg = Debug|Any CPU
		{06835D30-A3CB-4643-9E94-1C8E24E5C19A}.Debug|x64.Build.0 = Debug|Any CPU
		{06835D30-A3CB-4643-9E94-1C8E24E5C19A}.Release|Any CPU.ActiveCfg = Release|Any CPU
		{06835D30-A3CB-4643-9E94-1C8E24E5C19A}.Release|Any CPU.Build.0 = Release|Any CPU
		{06835D30-A3CB-4643-9E94-1C8E24E5C19A}.Release|x64.ActiveCfg = Release|Any CPU
		{06835D30-A3CB-4643-9E94-1C8E24E5C19A}.Release|x64.Build.0 = Release|Any CPU
	EndGlobalSection
	GlobalSection(SolutionProperties) = preSolution
		HideSolutionNode = FALSE
	EndGlobalSection
	GlobalSection(ExtensibilityGlobals) = postSolution
		SolutionGuid = {79F5C1B3-1EEE-4004-8E33-14AD82700CCF}
	EndGlobalSection
EndGlobal
